
Microsoft Visual Studio Solution File, Format Version 12.00
# Visual Studio Version 16
VisualStudioVersion = 16.0.29102.190
MinimumVisualStudioVersion = 10.0.40219.1
Project("{9A19103F-16F7-4668-BE54-9A1E7A4F7556}") = "Bookstore", "src\Bookstore\Bookstore.csproj", "{F247CF31-A0E1-43E2-9B00-CD6CF02C3F6C}"
EndProject
Project("{9A19103F-16F7-4668-BE54-9A1E7A4F7556}") = "BookstoreConsole", "BookstoreConsole\BookstoreConsole.csproj", "{A8388296-E6DB-4ABB-870C-54497B6C326B}"
EndProject
Project("{9A19103F-16F7-4668-BE54-9A1E7A4F7556}") = "Bookstore.System", "Bookstore.System\Bookstore.System.csproj", "{4B322CCA-9D35-44D9-B81A-960D809DD238}"
EndProject
Project("{9A19103F-16F7-4668-BE54-9A1E7A4F7556}") = "ChatMessages", "ChatMessages\ChatMessages.csproj", "{4A5B545E-0194-425D-95C1-081BDA5151B1}"
EndProject
Project("{9A19103F-16F7-4668-BE54-9A1E7A4F7556}") = "ChatServer", "ChatServer\ChatServer.csproj", "{E4A4C863-5561-4F43-A48A-F1059D5CF408}"
EndProject
Project("{FAE04EC0-301F-11D3-BF4B-00C04F79EFBC}") = "ChatClient", "ChatClient\ChatClient.csproj", "{0E3FB7A1-E210-4C85-843A-F12C4F2C0B74}"
EndProject
Global
	GlobalSection(SolutionConfigurationPlatforms) = preSolution
		Debug|Any CPU = Debug|Any CPU
		Release|Any CPU = Release|Any CPU
	EndGlobalSection
	GlobalSection(ProjectConfigurationPlatforms) = postSolution
		{F247CF31-A0E1-43E2-9B00-CD6CF02C3F6C}.Debug|Any CPU.ActiveCfg = Debug|Any CPU
		{F247CF31-A0E1-43E2-9B00-CD6CF02C3F6C}.Debug|Any CPU.Build.0 = Debug|Any CPU
		{F247CF31-A0E1-43E2-9B00-CD6CF02C3F6C}.Release|Any CPU.ActiveCfg = Release|Any CPU
		{F247CF31-A0E1-43E2-9B00-CD6CF02C3F6C}.Release|Any CPU.Build.0 = Release|Any CPU
		{A8388296-E6DB-4ABB-870C-54497B6C326B}.Debug|Any CPU.ActiveCfg = Debug|Any CPU
		{A8388296-E6DB-4ABB-870C-54497B6C326B}.Debug|Any CPU.Build.0 = Debug|Any CPU
		{A8388296-E6DB-4ABB-870C-54497B6C326B}.Release|Any CPU.ActiveCfg = Release|Any CPU
		{A8388296-E6DB-4ABB-870C-54497B6C326B}.Release|Any CPU.Build.0 = Release|Any CPU
		{4B322CCA-9D35-44D9-B81A-960D809DD238}.Debug|Any CPU.ActiveCfg = Debug|Any CPU
		{4B322CCA-9D35-44D9-B81A-960D809DD238}.Debug|Any CPU.Build.0 = Debug|Any CPU
		{4B322CCA-9D35-44D9-B81A-960D809DD238}.Release|Any CPU.ActiveCfg = Release|Any CPU
		{4B322CCA-9D35-44D9-B81A-960D809DD238}.Release|Any CPU.Build.0 = Release|Any CPU
		{4A5B545E-0194-425D-95C1-081BDA5151B1}.Debug|Any CPU.ActiveCfg = Debug|Any CPU
		{4A5B545E-0194-425D-95C1-081BDA5151B1}.Debug|Any CPU.Build.0 = Debug|Any CPU
		{4A5B545E-0194-425D-95C1-081BDA5151B1}.Release|Any CPU.ActiveCfg = Release|Any CPU
		{4A5B545E-0194-425D-95C1-081BDA5151B1}.Release|Any CPU.Build.0 = Release|Any CPU
		{E4A4C863-5561-4F43-A48A-F1059D5CF408}.Debug|Any CPU.ActiveCfg = Debug|Any CPU
		{E4A4C863-5561-4F43-A48A-F1059D5CF408}.Debug|Any CPU.Build.0 = Debug|Any CPU
		{E4A4C863-5561-4F43-A48A-F1059D5CF408}.Release|Any CPU.ActiveCfg = Release|Any CPU
		{E4A4C863-5561-4F43-A48A-F1059D5CF408}.Release|Any CPU.Build.0 = Release|Any CPU
		{0E3FB7A1-E210-4C85-843A-F12C4F2C0B74}.Debug|Any CPU.ActiveCfg = Debug|Any CPU
		{0E3FB7A1-E210-4C85-843A-F12C4F2C0B74}.Debug|Any CPU.Build.0 = Debug|Any CPU
		{0E3FB7A1-E210-4C85-843A-F12C4F2C0B74}.Release|Any CPU.ActiveCfg = Release|Any CPU
		{0E3FB7A1-E210-4C85-843A-F12C4F2C0B74}.Release|Any CPU.Build.0 = Release|Any CPU
	EndGlobalSection
	GlobalSection(SolutionProperties) = preSolution
		HideSolutionNode = FALSE
	EndGlobalSection
	GlobalSection(ExtensibilityGlobals) = postSolution
		SolutionGuid = {83F3F576-DBE3-4BBD-840F-EBB58D72F9EE}
	EndGlobalSection
EndGlobal
